// !$*UTF8*$!
{
	archiveVersion = 1;
	classes = {
	};
	objectVersion = 50;
	objects = {

/* Begin PBXBuildFile section */
		722333C72683944C005C9EAD /* AppDelegate.m in Sources */ = {isa = PBXBuildFile; fileRef = 722333C62683944C005C9EAD /* AppDelegate.m */; };
		722333CA2683944C005C9EAD /* SceneDelegate.m in Sources */ = {isa = PBXBuildFile; fileRef = 722333C92683944C005C9EAD /* SceneDelegate.m */; };
		722333D02683944C005C9EAD /* Main.storyboard in Resources */ = {isa = PBXBuildFile; fileRef = 722333CE2683944C005C9EAD /* Main.storyboard */; };
		722333D22683944D005C9EAD /* Assets.xcassets in Resources */ = {isa = PBXBuildFile; fileRef = 722333D12683944D005C9EAD /* Assets.xcassets */; };
		722333D52683944D005C9EAD /* LaunchScreen.storyboard in Resources */ = {isa = PBXBuildFile; fileRef = 722333D32683944D005C9EAD /* LaunchScreen.storyboard */; };
		722333D82683944D005C9EAD /* main.m in Sources */ = {isa = PBXBuildFile; fileRef = 722333D72683944D005C9EAD /* main.m */; };
		722333E22683944E005C9EAD /* FlixTests.m in Sources */ = {isa = PBXBuildFile; fileRef = 722333E12683944E005C9EAD /* FlixTests.m */; };
		722333ED2683944E005C9EAD /* FlixUITests.m in Sources */ = {isa = PBXBuildFile; fileRef = 722333EC2683944E005C9EAD /* FlixUITests.m */; };
		722333FC26839D83005C9EAD /* MoviesViewController.m in Sources */ = {isa = PBXBuildFile; fileRef = 722333FB26839D83005C9EAD /* MoviesViewController.m */; };
		722334022683D77F005C9EAD /* MovieCell.m in Sources */ = {isa = PBXBuildFile; fileRef = 722334012683D77F005C9EAD /* MovieCell.m */; };
		722334052683E973005C9EAD /* DetailsViewController.m in Sources */ = {isa = PBXBuildFile; fileRef = 722334042683E973005C9EAD /* DetailsViewController.m */; };
		B83A91DC2446CD6529ACB868 /* libPods-Flix.a in Frameworks */ = {isa = PBXBuildFile; fileRef = 7375633072AA470A7231EF25 /* libPods-Flix.a */; };
		CBA17D4BC389593F709FFAA2 /* libPods-Flix-FlixUITests.a in Frameworks */ = {isa = PBXBuildFile; fileRef = C8ED0F6D0CB456FEA4943C08 /* libPods-Flix-FlixUITests.a */; };
		EE47CE20DBEDEA489CD7C81C /* libPods-FlixTests.a in Frameworks */ = {isa = PBXBuildFile; fileRef = 0BB9DD572505916B5BB9EA2E /* libPods-FlixTests.a */; };
/* End PBXBuildFile section */

/* Begin PBXContainerItemProxy section */
		722333DE2683944E005C9EAD /* PBXContainerItemProxy */ = {
			isa = PBXContainerItemProxy;
			containerPortal = 722333BA2683944C005C9EAD /* Project object */;
			proxyType = 1;
			remoteGlobalIDString = 722333C12683944C005C9EAD;
			remoteInfo = Flix;
		};
		722333E92683944E005C9EAD /* PBXContainerItemProxy */ = {
			isa = PBXContainerItemProxy;
			containerPortal = 722333BA2683944C005C9EAD /* Project object */;
			proxyType = 1;
			remoteGlobalIDString = 722333C12683944C005C9EAD;
			remoteInfo = Flix;
		};
/* End PBXContainerItemProxy section */

/* Begin PBXFileReference section */
		07BBC57C34A39971E12585C5 /* Pods-Flix-FlixUITests.release.xcconfig */ = {isa = PBXFileReference; includeInIndex = 1; lastKnownFileType = text.xcconfig; name = "Pods-Flix-FlixUITests.release.xcconfig"; path = "Target Support Files/Pods-Flix-FlixUITests/Pods-Flix-FlixUITests.release.xcconfig"; sourceTree = "<group>"; };
		0BB9DD572505916B5BB9EA2E /* libPods-FlixTests.a */ = {isa = PBXFileReference; explicitFileType = archive.ar; includeInIndex = 0; path = "libPods-FlixTests.a"; sourceTree = BUILT_PRODUCTS_DIR; };
		5D8CFDB623E1F0A865063830 /* Pods-Flix-FlixUITests.debug.xcconfig */ = {isa = PBXFileReference; includeInIndex = 1; lastKnownFileType = text.xcconfig; name = "Pods-Flix-FlixUITests.debug.xcconfig"; path = "Target Support Files/Pods-Flix-FlixUITests/Pods-Flix-FlixUITests.debug.xcconfig"; sourceTree = "<group>"; };
		6B81243215FA71894ED9D728 /* Pods-Flix.debug.xcconfig */ = {isa = PBXFileReference; includeInIndex = 1; lastKnownFileType = text.xcconfig; name = "Pods-Flix.debug.xcconfig"; path = "Target Support Files/Pods-Flix/Pods-Flix.debug.xcconfig"; sourceTree = "<group>"; };
		722333C22683944C005C9EAD /* Flix.app */ = {isa = PBXFileReference; explicitFileType = wrapper.application; includeInIndex = 0; path = Flix.app; sourceTree = BUILT_PRODUCTS_DIR; };
		722333C52683944C005C9EAD /* AppDelegate.h */ = {isa = PBXFileReference; lastKnownFileType = sourcecode.c.h; path = AppDelegate.h; sourceTree = "<group>"; };
		722333C62683944C005C9EAD /* AppDelegate.m */ = {isa = PBXFileReference; lastKnownFileType = sourcecode.c.objc; path = AppDelegate.m; sourceTree = "<group>"; };
		722333C82683944C005C9EAD /* SceneDelegate.h */ = {isa = PBXFileReference; lastKnownFileType = sourcecode.c.h; path = SceneDelegate.h; sourceTree = "<group>"; };
		722333C92683944C005C9EAD /* SceneDelegate.m */ = {isa = PBXFileReference; lastKnownFileType = sourcecode.c.objc; path = SceneDelegate.m; sourceTree = "<group>"; };
		722333CF2683944C005C9EAD /* Base */ = {isa = PBXFileReference; lastKnownFileType = file.storyboard; name = Base; path = Base.lproj/Main.storyboard; sourceTree = "<group>"; };
		722333D12683944D005C9EAD /* Assets.xcassets */ = {isa = PBXFileReference; lastKnownFileType = folder.assetcatalog; path = Assets.xcassets; sourceTree = "<group>"; };
		722333D42683944D005C9EAD /* Base */ = {isa = PBXFileReference; lastKnownFileType = file.storyboard; name = Base; path = Base.lproj/LaunchScreen.storyboard; sourceTree = "<group>"; };
		722333D62683944D005C9EAD /* Info.plist */ = {isa = PBXFileReference; lastKnownFileType = text.plist.xml; path = Info.plist; sourceTree = "<group>"; };
		722333D72683944D005C9EAD /* main.m */ = {isa = PBXFileReference; lastKnownFileType = sourcecode.c.objc; path = main.m; sourceTree = "<group>"; };
		722333DD2683944E005C9EAD /* FlixTests.xctest */ = {isa = PBXFileReference; explicitFileType = wrapper.cfbundle; includeInIndex = 0; path = FlixTests.xctest; sourceTree = BUILT_PRODUCTS_DIR; };
		722333E12683944E005C9EAD /* FlixTests.m */ = {isa = PBXFileReference; lastKnownFileType = sourcecode.c.objc; path = FlixTests.m; sourceTree = "<group>"; };
		722333E32683944E005C9EAD /* Info.plist */ = {isa = PBXFileReference; lastKnownFileType = text.plist.xml; path = Info.plist; sourceTree = "<group>"; };
		722333E82683944E005C9EAD /* FlixUITests.xctest */ = {isa = PBXFileReference; explicitFileType = wrapper.cfbundle; includeInIndex = 0; path = FlixUITests.xctest; sourceTree = BUILT_PRODUCTS_DIR; };
		722333EC2683944E005C9EAD /* FlixUITests.m */ = {isa = PBXFileReference; lastKnownFileType = sourcecode.c.objc; path = FlixUITests.m; sourceTree = "<group>"; };
		722333EE2683944E005C9EAD /* Info.plist */ = {isa = PBXFileReference; lastKnownFileType = text.plist.xml; path = Info.plist; sourceTree = "<group>"; };
		722333FA26839D83005C9EAD /* MoviesViewController.h */ = {isa = PBXFileReference; lastKnownFileType = sourcecode.c.h; path = MoviesViewController.h; sourceTree = "<group>"; };
		722333FB26839D83005C9EAD /* MoviesViewController.m */ = {isa = PBXFileReference; lastKnownFileType = sourcecode.c.objc; path = MoviesViewController.m; sourceTree = "<group>"; };
		722334002683D77F005C9EAD /* MovieCell.h */ = {isa = PBXFileReference; lastKnownFileType = sourcecode.c.h; path = MovieCell.h; sourceTree = "<group>"; };
		722334012683D77F005C9EAD /* MovieCell.m */ = {isa = PBXFileReference; lastKnownFileType = sourcecode.c.objc; path = MovieCell.m; sourceTree = "<group>"; };
		722334032683E973005C9EAD /* DetailsViewController.h */ = {isa = PBXFileReference; lastKnownFileType = sourcecode.c.h; path = DetailsViewController.h; sourceTree = "<group>"; };
		722334042683E973005C9EAD /* DetailsViewController.m */ = {isa = PBXFileReference; lastKnownFileType = sourcecode.c.objc; path = DetailsViewController.m; sourceTree = "<group>"; };
		7375633072AA470A7231EF25 /* libPods-Flix.a */ = {isa = PBXFileReference; explicitFileType = archive.ar; includeInIndex = 0; path = "libPods-Flix.a"; sourceTree = BUILT_PRODUCTS_DIR; };
		B9A8941D11C02BD5AB8465C4 /* Pods-FlixTests.debug.xcconfig */ = {isa = PBXFileReference; includeInIndex = 1; lastKnownFileType = text.xcconfig; name = "Pods-FlixTests.debug.xcconfig"; path = "Target Support Files/Pods-FlixTests/Pods-FlixTests.debug.xcconfig"; sourceTree = "<group>"; };
		C346A5ED1F93981651B76992 /* Pods-FlixTests.release.xcconfig */ = {isa = PBXFileReference; includeInIndex = 1; lastKnownFileType = text.xcconfig; name = "Pods-FlixTests.release.xcconfig"; path = "Target Support Files/Pods-FlixTests/Pods-FlixTests.release.xcconfig"; sourceTree = "<group>"; };
		C8ED0F6D0CB456FEA4943C08 /* libPods-Flix-FlixUITests.a */ = {isa = PBXFileReference; explicitFileType = archive.ar; includeInIndex = 0; path = "libPods-Flix-FlixUITests.a"; sourceTree = BUILT_PRODUCTS_DIR; };
		F97265DEF041BEA51540AD20 /* Pods-Flix.release.xcconfig */ = {isa = PBXFileReference; includeInIndex = 1; lastKnownFileType = text.xcconfig; name = "Pods-Flix.release.xcconfig"; path = "Target Support Files/Pods-Flix/Pods-Flix.release.xcconfig"; sourceTree = "<group>"; };
/* End PBXFileReference section */

/* Begin PBXFrameworksBuildPhase section */
		722333BF2683944C005C9EAD /* Frameworks */ = {
			isa = PBXFrameworksBuildPhase;
			buildActionMask = 2147483647;
			files = (
				B83A91DC2446CD6529ACB868 /* libPods-Flix.a in Frameworks */,
			);
			runOnlyForDeploymentPostprocessing = 0;
		};
		722333DA2683944E005C9EAD /* Frameworks */ = {
			isa = PBXFrameworksBuildPhase;
			buildActionMask = 2147483647;
			files = (
				EE47CE20DBEDEA489CD7C81C /* libPods-FlixTests.a in Frameworks */,
			);
			runOnlyForDeploymentPostprocessing = 0;
		};
		722333E52683944E005C9EAD /* Frameworks */ = {
			isa = PBXFrameworksBuildPhase;
			buildActionMask = 2147483647;
			files = (
				CBA17D4BC389593F709FFAA2 /* libPods-Flix-FlixUITests.a in Frameworks */,
			);
			runOnlyForDeploymentPostprocessing = 0;
		};
/* End PBXFrameworksBuildPhase section */

/* Begin PBXGroup section */
		65F2032B35B0272F79D6DB25 /* Pods */ = {
			isa = PBXGroup;
			children = (
				6B81243215FA71894ED9D728 /* Pods-Flix.debug.xcconfig */,
				F97265DEF041BEA51540AD20 /* Pods-Flix.release.xcconfig */,
				5D8CFDB623E1F0A865063830 /* Pods-Flix-FlixUITests.debug.xcconfig */,
				07BBC57C34A39971E12585C5 /* Pods-Flix-FlixUITests.release.xcconfig */,
				B9A8941D11C02BD5AB8465C4 /* Pods-FlixTests.debug.xcconfig */,
				C346A5ED1F93981651B76992 /* Pods-FlixTests.release.xcconfig */,
			);
			path = Pods;
			sourceTree = "<group>";
		};
		722333B92683944C005C9EAD = {
			isa = PBXGroup;
			children = (
				722333C42683944C005C9EAD /* Flix */,
				722333EB2683944E005C9EAD /* FlixUITests */,
				722333C32683944C005C9EAD /* Products */,
				65F2032B35B0272F79D6DB25 /* Pods */,
				9DB47F9B355E56002F4D88BF /* Frameworks */,
			);
			sourceTree = "<group>";
		};
		722333C32683944C005C9EAD /* Products */ = {
			isa = PBXGroup;
			children = (
				722333C22683944C005C9EAD /* Flix.app */,
				722333DD2683944E005C9EAD /* FlixTests.xctest */,
				722333E82683944E005C9EAD /* FlixUITests.xctest */,
			);
			name = Products;
			sourceTree = "<group>";
		};
		722333C42683944C005C9EAD /* Flix */ = {
			isa = PBXGroup;
			children = (
				722333FF26839F67005C9EAD /* Models */,
				722333FE26839F5A005C9EAD /* View Controllers */,
				722333FD26839E51005C9EAD /* Views */,
				722333C52683944C005C9EAD /* AppDelegate.h */,
				722333C62683944C005C9EAD /* AppDelegate.m */,
				722333C82683944C005C9EAD /* SceneDelegate.h */,
				722333C92683944C005C9EAD /* SceneDelegate.m */,
				722333CE2683944C005C9EAD /* Main.storyboard */,
				722333D12683944D005C9EAD /* Assets.xcassets */,
				722333D32683944D005C9EAD /* LaunchScreen.storyboard */,
				722333D62683944D005C9EAD /* Info.plist */,
				722333D72683944D005C9EAD /* main.m */,
				722333E02683944E005C9EAD /* FlixTests */,
			);
			path = Flix;
			sourceTree = "<group>";
		};
		722333E02683944E005C9EAD /* FlixTests */ = {
			isa = PBXGroup;
			children = (
				722333E12683944E005C9EAD /* FlixTests.m */,
				722333E32683944E005C9EAD /* Info.plist */,
			);
			path = FlixTests;
			sourceTree = "<group>";
		};
		722333EB2683944E005C9EAD /* FlixUITests */ = {
			isa = PBXGroup;
			children = (
				722333EC2683944E005C9EAD /* FlixUITests.m */,
				722333EE2683944E005C9EAD /* Info.plist */,
			);
			path = FlixUITests;
			sourceTree = "<group>";
		};
		722333FD26839E51005C9EAD /* Views */ = {
			isa = PBXGroup;
			children = (
				722334002683D77F005C9EAD /* MovieCell.h */,
				722334012683D77F005C9EAD /* MovieCell.m */,
			);
			path = Views;
			sourceTree = "<group>";
		};
		722333FE26839F5A005C9EAD /* View Controllers */ = {
			isa = PBXGroup;
			children = (
				722333FA26839D83005C9EAD /* MoviesViewController.h */,
				722333FB26839D83005C9EAD /* MoviesViewController.m */,
				722334032683E973005C9EAD /* DetailsViewController.h */,
				722334042683E973005C9EAD /* DetailsViewController.m */,
			);
			path = "View Controllers";
			sourceTree = "<group>";
		};
		722333FF26839F67005C9EAD /* Models */ = {
			isa = PBXGroup;
			children = (
			);
			path = Models;
			sourceTree = "<group>";
		};
		9DB47F9B355E56002F4D88BF /* Frameworks */ = {
			isa = PBXGroup;
			children = (
				7375633072AA470A7231EF25 /* libPods-Flix.a */,
				C8ED0F6D0CB456FEA4943C08 /* libPods-Flix-FlixUITests.a */,
				0BB9DD572505916B5BB9EA2E /* libPods-FlixTests.a */,
			);
			name = Frameworks;
			sourceTree = "<group>";
		};
/* End PBXGroup section */

/* Begin PBXNativeTarget section */
		722333C12683944C005C9EAD /* Flix */ = {
			isa = PBXNativeTarget;
			buildConfigurationList = 722333F12683944E005C9EAD /* Build configuration list for PBXNativeTarget "Flix" */;
			buildPhases = (
				3E3AB01C76F84B5F481E16A0 /* [CP] Check Pods Manifest.lock */,
				722333BE2683944C005C9EAD /* Sources */,
				722333BF2683944C005C9EAD /* Frameworks */,
				722333C02683944C005C9EAD /* Resources */,
			);
			buildRules = (
			);
			dependencies = (
			);
			name = Flix;
			productName = Flix;
			productReference = 722333C22683944C005C9EAD /* Flix.app */;
			productType = "com.apple.product-type.application";
		};
		722333DC2683944E005C9EAD /* FlixTests */ = {
			isa = PBXNativeTarget;
			buildConfigurationList = 722333F42683944E005C9EAD /* Build configuration list for PBXNativeTarget "FlixTests" */;
			buildPhases = (
				B601CFEB3267831E487413E2 /* [CP] Check Pods Manifest.lock */,
				722333D92683944E005C9EAD /* Sources */,
				722333DA2683944E005C9EAD /* Frameworks */,
				722333DB2683944E005C9EAD /* Resources */,
			);
			buildRules = (
			);
			dependencies = (
				722333DF2683944E005C9EAD /* PBXTargetDependency */,
			);
			name = FlixTests;
			productName = FlixTests;
			productReference = 722333DD2683944E005C9EAD /* FlixTests.xctest */;
			productType = "com.apple.product-type.bundle.unit-test";
		};
		722333E72683944E005C9EAD /* FlixUITests */ = {
			isa = PBXNativeTarget;
			buildConfigurationList = 722333F72683944E005C9EAD /* Build configuration list for PBXNativeTarget "FlixUITests" */;
			buildPhases = (
				FF74329105FE70F9A2D89B42 /* [CP] Check Pods Manifest.lock */,
				722333E42683944E005C9EAD /* Sources */,
				722333E52683944E005C9EAD /* Frameworks */,
				722333E62683944E005C9EAD /* Resources */,
			);
			buildRules = (
			);
			dependencies = (
				722333EA2683944E005C9EAD /* PBXTargetDependency */,
			);
			name = FlixUITests;
			productName = FlixUITests;
			productReference = 722333E82683944E005C9EAD /* FlixUITests.xctest */;
			productType = "com.apple.product-type.bundle.ui-testing";
		};
/* End PBXNativeTarget section */

/* Begin PBXProject section */
		722333BA2683944C005C9EAD /* Project object */ = {
			isa = PBXProject;
			attributes = {
				LastUpgradeCheck = 1250;
				TargetAttributes = {
					722333C12683944C005C9EAD = {
						CreatedOnToolsVersion = 12.5.1;
					};
					722333DC2683944E005C9EAD = {
						CreatedOnToolsVersion = 12.5.1;
						TestTargetID = 722333C12683944C005C9EAD;
					};
					722333E72683944E005C9EAD = {
						CreatedOnToolsVersion = 12.5.1;
						TestTargetID = 722333C12683944C005C9EAD;
					};
				};
			};
			buildConfigurationList = 722333BD2683944C005C9EAD /* Build configuration list for PBXProject "Flix" */;
			compatibilityVersion = "Xcode 9.3";
			developmentRegion = en;
			hasScannedForEncodings = 0;
			knownRegions = (
				en,
				Base,
			);
			mainGroup = 722333B92683944C005C9EAD;
			productRefGroup = 722333C32683944C005C9EAD /* Products */;
			projectDirPath = "";
			projectRoot = "";
			targets = (
				722333C12683944C005C9EAD /* Flix */,
				722333DC2683944E005C9EAD /* FlixTests */,
				722333E72683944E005C9EAD /* FlixUITests */,
			);
		};
/* End PBXProject section */

/* Begin PBXResourcesBuildPhase section */
		722333C02683944C005C9EAD /* Resources */ = {
			isa = PBXResourcesBuildPhase;
			buildActionMask = 2147483647;
			files = (
				722333D52683944D005C9EAD /* LaunchScreen.storyboard in Resources */,
				722333D22683944D005C9EAD /* Assets.xcassets in Resources */,
				722333D02683944C005C9EAD /* Main.storyboard in Resources */,
			);
			runOnlyForDeploymentPostprocessing = 0;
		};
		722333DB2683944E005C9EAD /* Resources */ = {
			isa = PBXResourcesBuildPhase;
			buildActionMask = 2147483647;
			files = (
			);
			runOnlyForDeploymentPostprocessing = 0;
		};
		722333E62683944E005C9EAD /* Resources */ = {
			isa = PBXResourcesBuildPhase;
			buildActionMask = 2147483647;
			files = (
			);
			runOnlyForDeploymentPostprocessing = 0;
		};
/* End PBXResourcesBuildPhase section */

/* Begin PBXShellScriptBuildPhase section */
		3E3AB01C76F84B5F481E16A0 /* [CP] Check Pods Manifest.lock */ = {
			isa = PBXShellScriptBuildPhase;
			buildActionMask = 2147483647;
			files = (
			);
			inputFileListPaths = (
			);
			inputPaths = (
				"${PODS_PODFILE_DIR_PATH}/Podfile.lock",
				"${PODS_ROOT}/Manifest.lock",
			);
			name = "[CP] Check Pods Manifest.lock";
			outputFileListPaths = (
			);
			outputPaths = (
				"$(DERIVED_FILE_DIR)/Pods-Flix-checkManifestLockResult.txt",
			);
			runOnlyForDeploymentPostprocessing = 0;
			shellPath = /bin/sh;
			shellScript = "diff \"${PODS_PODFILE_DIR_PATH}/Podfile.lock\" \"${PODS_ROOT}/Manifest.lock\" > /dev/null\nif [ $? != 0 ] ; then\n    # print error to STDERR\n    echo \"error: The sandbox is not in sync with the Podfile.lock. Run 'pod install' or update your CocoaPods installation.\" >&2\n    exit 1\nfi\n# This output is used by Xcode 'outputs' to avoid re-running this script phase.\necho \"SUCCESS\" > \"${SCRIPT_OUTPUT_FILE_0}\"\n";
			showEnvVarsInLog = 0;
		};
		B601CFEB3267831E487413E2 /* [CP] Check Pods Manifest.lock */ = {
			isa = PBXShellScriptBuildPhase;
			buildActionMask = 2147483647;
			files = (
			);
			inputFileListPaths = (
			);
			inputPaths = (
				"${PODS_PODFILE_DIR_PATH}/Podfile.lock",
				"${PODS_ROOT}/Manifest.lock",
			);
			name = "[CP] Check Pods Manifest.lock";
			outputFileListPaths = (
			);
			outputPaths = (
				"$(DERIVED_FILE_DIR)/Pods-FlixTests-checkManifestLockResult.txt",
			);
			runOnlyForDeploymentPostprocessing = 0;
			shellPath = /bin/sh;
			shellScript = "diff \"${PODS_PODFILE_DIR_PATH}/Podfile.lock\" \"${PODS_ROOT}/Manifest.lock\" > /dev/null\nif [ $? != 0 ] ; then\n    # print error to STDERR\n    echo \"error: The sandbox is not in sync with the Podfile.lock. Run 'pod install' or update your CocoaPods installation.\" >&2\n    exit 1\nfi\n# This output is used by Xcode 'outputs' to avoid re-running this script phase.\necho \"SUCCESS\" > \"${SCRIPT_OUTPUT_FILE_0}\"\n";
			showEnvVarsInLog = 0;
		};
		FF74329105FE70F9A2D89B42 /* [CP] Check Pods Manifest.lock */ = {
			isa = PBXShellScriptBuildPhase;
			buildActionMask = 2147483647;
			files = (
			);
			inputFileListPaths = (
			);
			inputPaths = (
				"${PODS_PODFILE_DIR_PATH}/Podfile.lock",
				"${PODS_ROOT}/Manifest.lock",
			);
			name = "[CP] Check Pods Manifest.lock";
			outputFileListPaths = (
			);
			outputPaths = (
				"$(DERIVED_FILE_DIR)/Pods-Flix-FlixUITests-checkManifestLockResult.txt",
			);
			runOnlyForDeploymentPostprocessing = 0;
			shellPath = /bin/sh;
			shellScript = "diff \"${PODS_PODFILE_DIR_PATH}/Podfile.lock\" \"${PODS_ROOT}/Manifest.lock\" > /dev/null\nif [ $? != 0 ] ; then\n    # print error to STDERR\n    echo \"error: The sandbox is not in sync with the Podfile.lock. Run 'pod install' or update your CocoaPods installation.\" >&2\n    exit 1\nfi\n# This output is used by Xcode 'outputs' to avoid re-running this script phase.\necho \"SUCCESS\" > \"${SCRIPT_OUTPUT_FILE_0}\"\n";
			showEnvVarsInLog = 0;
		};
/* End PBXShellScriptBuildPhase section */

/* Begin PBXSourcesBuildPhase section */
		722333BE2683944C005C9EAD /* Sources */ = {
			isa = PBXSourcesBuildPhase;
			buildActionMask = 2147483647;
			files = (
				722333C72683944C005C9EAD /* AppDelegate.m in Sources */,
				722334022683D77F005C9EAD /* MovieCell.m in Sources */,
				722333FC26839D83005C9EAD /* MoviesViewController.m in Sources */,
				722334052683E973005C9EAD /* DetailsViewController.m in Sources */,
				722333D82683944D005C9EAD /* main.m in Sources */,
				722333CA2683944C005C9EAD /* SceneDelegate.m in Sources */,
			);
			runOnlyForDeploymentPostprocessing = 0;
		};
		722333D92683944E005C9EAD /* Sources */ = {
			isa = PBXSourcesBuildPhase;
			buildActionMask = 2147483647;
			files = (
				722333E22683944E005C9EAD /* FlixTests.m in Sources */,
			);
			runOnlyForDeploymentPostprocessing = 0;
		};
		722333E42683944E005C9EAD /* Sources */ = {
			isa = PBXSourcesBuildPhase;
			buildActionMask = 2147483647;
			files = (
				722333ED2683944E005C9EAD /* FlixUITests.m in Sources */,
			);
			runOnlyForDeploymentPostprocessing = 0;
		};
/* End PBXSourcesBuildPhase section */

/* Begin PBXTargetDependency section */
		722333DF2683944E005C9EAD /* PBXTargetDependency */ = {
			isa = PBXTargetDependency;
			target = 722333C12683944C005C9EAD /* Flix */;
			targetProxy = 722333DE2683944E005C9EAD /* PBXContainerItemProxy */;
		};
		722333EA2683944E005C9EAD /* PBXTargetDependency */ = {
			isa = PBXTargetDependency;
			target = 722333C12683944C005C9EAD /* Flix */;
			targetProxy = 722333E92683944E005C9EAD /* PBXContainerItemProxy */;
		};
/* End PBXTargetDependency section */

/* Begin PBXVariantGroup section */
		722333CE2683944C005C9EAD /* Main.storyboard */ = {
			isa = PBXVariantGroup;
			children = (
				722333CF2683944C005C9EAD /* Base */,
			);
			name = Main.storyboard;
			sourceTree = "<group>";
		};
		722333D32683944D005C9EAD /* LaunchScreen.storyboard */ = {
			isa = PBXVariantGroup;
			children = (
				722333D42683944D005C9EAD /* Base */,
			);
			name = LaunchScreen.storyboard;
			sourceTree = "<group>";
		};
/* End PBXVariantGroup section */

/* Begin XCBuildConfiguration section */
		722333EF2683944E005C9EAD /* Debug */ = {
			isa = XCBuildConfiguration;
			buildSettings = {
				ALWAYS_SEARCH_USER_PATHS = NO;
				CLANG_ANALYZER_NONNULL = YES;
				CLANG_ANALYZER_NUMBER_OBJECT_CONVERSION = YES_AGGRESSIVE;
				CLANG_CXX_LANGUAGE_STANDARD = "gnu++14";
				CLANG_CXX_LIBRARY = "libc++";
				CLANG_ENABLE_MODULES = YES;
				CLANG_ENABLE_OBJC_ARC = YES;
				CLANG_ENABLE_OBJC_WEAK = YES;
				CLANG_WARN_BLOCK_CAPTURE_AUTORELEASING = YES;
				CLANG_WARN_BOOL_CONVERSION = YES;
				CLANG_WARN_COMMA = YES;
				CLANG_WARN_CONSTANT_CONVERSION = YES;
				CLANG_WARN_DEPRECATED_OBJC_IMPLEMENTATIONS = YES;
				CLANG_WARN_DIRECT_OBJC_ISA_USAGE = YES_ERROR;
				CLANG_WARN_DOCUMENTATION_COMMENTS = YES;
				CLANG_WARN_EMPTY_BODY = YES;
				CLANG_WARN_ENUM_CONVERSION = YES;
				CLANG_WARN_INFINITE_RECURSION = YES;
				CLANG_WARN_INT_CONVERSION = YES;
				CLANG_WARN_NON_LITERAL_NULL_CONVERSION = YES;
				CLANG_WARN_OBJC_IMPLICIT_RETAIN_SELF = YES;
				CLANG_WARN_OBJC_LITERAL_CONVERSION = YES;
				CLANG_WARN_OBJC_ROOT_CLASS = YES_ERROR;
				CLANG_WARN_QUOTED_INCLUDE_IN_FRAMEWORK_HEADER = YES;
				CLANG_WARN_RANGE_LOOP_ANALYSIS = YES;
				CLANG_WARN_STRICT_PROTOTYPES = YES;
				CLANG_WARN_SUSPICIOUS_MOVE = YES;
				CLANG_WARN_UNGUARDED_AVAILABILITY = YES_AGGRESSIVE;
				CLANG_WARN_UNREACHABLE_CODE = YES;
				CLANG_WARN__DUPLICATE_METHOD_MATCH = YES;
				COPY_PHASE_STRIP = NO;
				DEBUG_INFORMATION_FORMAT = dwarf;
				ENABLE_STRICT_OBJC_MSGSEND = YES;
				ENABLE_TESTABILITY = YES;
				GCC_C_LANGUAGE_STANDARD = gnu11;
				GCC_DYNAMIC_NO_PIC = NO;
				GCC_NO_COMMON_BLOCKS = YES;
				GCC_OPTIMIZATION_LEVEL = 0;
				GCC_PREPROCESSOR_DEFINITIONS = (
					"DEBUG=1",
					"$(inherited)",
				);
				GCC_WARN_64_TO_32_BIT_CONVERSION = YES;
				GCC_WARN_ABOUT_RETURN_TYPE = YES_ERROR;
				GCC_WARN_UNDECLARED_SELECTOR = YES;
				GCC_WARN_UNINITIALIZED_AUTOS = YES_AGGRESSIVE;
				GCC_WARN_UNUSED_FUNCTION = YES;
				GCC_WARN_UNUSED_VARIABLE = YES;
				IPHONEOS_DEPLOYMENT_TARGET = 14.5;
				MTL_ENABLE_DEBUG_INFO = INCLUDE_SOURCE;
				MTL_FAST_MATH = YES;
				ONLY_ACTIVE_ARCH = YES;
				SDKROOT = iphoneos;
			};
			name = Debug;
		};
		722333F02683944E005C9EAD /* Release */ = {
			isa = XCBuildConfiguration;
			buildSettings = {
				ALWAYS_SEARCH_USER_PATHS = NO;
				CLANG_ANALYZER_NONNULL = YES;
				CLANG_ANALYZER_NUMBER_OBJECT_CONVERSION = YES_AGGRESSIVE;
				CLANG_CXX_LANGUAGE_STANDARD = "gnu++14";
				CLANG_CXX_LIBRARY = "libc++";
				CLANG_ENABLE_MODULES = YES;
				CLANG_ENABLE_OBJC_ARC = YES;
				CLANG_ENABLE_OBJC_WEAK = YES;
				CLANG_WARN_BLOCK_CAPTURE_AUTORELEASING = YES;
				CLANG_WARN_BOOL_CONVERSION = YES;
				CLANG_WARN_COMMA = YES;
				CLANG_WARN_CONSTANT_CONVERSION = YES;
				CLANG_WARN_DEPRECATED_OBJC_IMPLEMENTATIONS = YES;
				CLANG_WARN_DIRECT_OBJC_ISA_USAGE = YES_ERROR;
				CLANG_WARN_DOCUMENTATION_COMMENTS = YES;
				CLANG_WARN_EMPTY_BODY = YES;
				CLANG_WARN_ENUM_CONVERSION = YES;
				CLANG_WARN_INFINITE_RECURSION = YES;
				CLANG_WARN_INT_CONVERSION = YES;
				CLANG_WARN_NON_LITERAL_NULL_CONVERSION = YES;
				CLANG_WARN_OBJC_IMPLICIT_RETAIN_SELF = YES;
				CLANG_WARN_OBJC_LITERAL_CONVERSION = YES;
				CLANG_WARN_OBJC_ROOT_CLASS = YES_ERROR;
				CLANG_WARN_QUOTED_INCLUDE_IN_FRAMEWORK_HEADER = YES;
				CLANG_WARN_RANGE_LOOP_ANALYSIS = YES;
				CLANG_WARN_STRICT_PROTOTYPES = YES;
				CLANG_WARN_SUSPICIOUS_MOVE = YES;
				CLANG_WARN_UNGUARDED_AVAILABILITY = YES_AGGRESSIVE;
				CLANG_WARN_UNREACHABLE_CODE = YES;
				CLANG_WARN__DUPLICATE_METHOD_MATCH = YES;
				COPY_PHASE_STRIP = NO;
				DEBUG_INFORMATION_FORMAT = "dwarf-with-dsym";
				ENABLE_NS_ASSERTIONS = NO;
				ENABLE_STRICT_OBJC_MSGSEND = YES;
				GCC_C_LANGUAGE_STANDARD = gnu11;
				GCC_NO_COMMON_BLOCKS = YES;
				GCC_WARN_64_TO_32_BIT_CONVERSION = YES;
				GCC_WARN_ABOUT_RETURN_TYPE = YES_ERROR;
				GCC_WARN_UNDECLARED_SELECTOR = YES;
				GCC_WARN_UNINITIALIZED_AUTOS = YES_AGGRESSIVE;
				GCC_WARN_UNUSED_FUNCTION = YES;
				GCC_WARN_UNUSED_VARIABLE = YES;
				IPHONEOS_DEPLOYMENT_TARGET = 14.5;
				MTL_ENABLE_DEBUG_INFO = NO;
				MTL_FAST_MATH = YES;
				SDKROOT = iphoneos;
				VALIDATE_PRODUCT = YES;
			};
			name = Release;
		};
		722333F22683944E005C9EAD /* Debug */ = {
			isa = XCBuildConfiguration;
			baseConfigurationReference = 6B81243215FA71894ED9D728 /* Pods-Flix.debug.xcconfig */;
			buildSettings = {
				ASSETCATALOG_COMPILER_APPICON_NAME = AppIcon;
				ASSETCATALOG_COMPILER_GLOBAL_ACCENT_COLOR_NAME = AccentColor;
				CODE_SIGN_STYLE = Automatic;
				DEVELOPMENT_TEAM = 4PRU5G4MBV;
				INFOPLIST_FILE = Flix/Info.plist;
				LD_RUNPATH_SEARCH_PATHS = (
					"$(inherited)",
					"@executable_path/Frameworks",
				);
				PRODUCT_BUNDLE_IDENTIFIER = com.samanthaburak.Flix;
				PRODUCT_NAME = "$(TARGET_NAME)";
				TARGETED_DEVICE_FAMILY = "1,2";
			};
			name = Debug;
		};
		722333F32683944E005C9EAD /* Release */ = {
			isa = XCBuildConfiguration;
			baseConfigurationReference = F97265DEF041BEA51540AD20 /* Pods-Flix.release.xcconfig */;
			buildSettings = {
				ASSETCATALOG_COMPILER_APPICON_NAME = AppIcon;
				ASSETCATALOG_COMPILER_GLOBAL_ACCENT_COLOR_NAME = AccentColor;
				CODE_SIGN_STYLE = Automatic;
				DEVELOPMENT_TEAM = 4PRU5G4MBV;
				INFOPLIST_FILE = Flix/Info.plist;
				LD_RUNPATH_SEARCH_PATHS = (
					"$(inherited)",
					"@executable_path/Frameworks",
				);
				PRODUCT_BUNDLE_IDENTIFIER = com.samanthaburak.Flix;
				PRODUCT_NAME = "$(TARGET_NAME)";
				TARGETED_DEVICE_FAMILY = "1,2";
			};
			name = Release;
		};
		722333F52683944E005C9EAD /* Debug */ = {
			isa = XCBuildConfiguration;
			baseConfigurationReference = B9A8941D11C02BD5AB8465C4 /* Pods-FlixTests.debug.xcconfig */;
			buildSettings = {
				BUNDLE_LOADER = "$(TEST_HOST)";
				CODE_SIGN_STYLE = Automatic;
				DEVELOPMENT_TEAM = 4PRU5G4MBV;
				INFOPLIST_FILE = FlixTests/Info.plist;
				IPHONEOS_DEPLOYMENT_TARGET = 14.5;
				LD_RUNPATH_SEARCH_PATHS = (
					"$(inherited)",
					"@executable_path/Frameworks",
					"@loader_path/Frameworks",
				);
				PRODUCT_BUNDLE_IDENTIFIER = com.samanthaburak.FlixTests;
				PRODUCT_NAME = "$(TARGET_NAME)";
				TARGETED_DEVICE_FAMILY = "1,2";
				TEST_HOST = "$(BUILT_PRODUCTS_DIR)/Flix.app/Flix";
			};
			name = Debug;
		};
		722333F62683944E005C9EAD /* Release */ = {
			isa = XCBuildConfiguration;
			baseConfigurationReference = C346A5ED1F93981651B76992 /* Pods-FlixTests.release.xcconfig */;
			buildSettings = {
				BUNDLE_LOADER = "$(TEST_HOST)";
				CODE_SIGN_STYLE = Automatic;
				DEVELOPMENT_TEAM = 4PRU5G4MBV;
				INFOPLIST_FILE = FlixTests/Info.plist;
				IPHONEOS_DEPLOYMENT_TARGET = 14.5;
				LD_RUNPATH_SEARCH_PATHS = (
					"$(inherited)",
					"@executable_path/Frameworks",
					"@loader_path/Frameworks",
				);
				PRODUCT_BUNDLE_IDENTIFIER = com.samanthaburak.FlixTests;
				PRODUCT_NAME = "$(TARGET_NAME)";
				TARGETED_DEVICE_FAMILY = "1,2";
				TEST_HOST = "$(BUILT_PRODUCTS_DIR)/Flix.app/Flix";
			};
			name = Release;
		};
		722333F82683944E005C9EAD /* Debug */ = {
			isa = XCBuildConfiguration;
			baseConfigurationReference = 5D8CFDB623E1F0A865063830 /* Pods-Flix-FlixUITests.debug.xcconfig */;
			buildSettings = {
				CODE_SIGN_STYLE = Automatic;
				DEVELOPMENT_TEAM = 4PRU5G4MBV;
				INFOPLIST_FILE = FlixUITests/Info.plist;
				LD_RUNPATH_SEARCH_PATHS = (
					"$(inherited)",
					"@executable_path/Frameworks",
					"@loader_path/Frameworks",
				);
				PRODUCT_BUNDLE_IDENTIFIER = com.samanthaburak.FlixUITests;
				PRODUCT_NAME = "$(TARGET_NAME)";
				TARGETED_DEVICE_FAMILY = "1,2";
				TEST_TARGET_NAME = Flix;
			};
			name = Debug;
		};
		722333F92683944E005C9EAD /* Release */ = {
			isa = XCBuildConfiguration;
			baseConfigurationReference = 07BBC57C34A39971E12585C5 /* Pods-Flix-FlixUITests.release.xcconfig */;
			buildSettings = {
				CODE_SIGN_STYLE = Automatic;
				DEVELOPMENT_TEAM = 4PRU5G4MBV;
				INFOPLIST_FILE = FlixUITests/Info.plist;
				LD_RUNPATH_SEARCH_PATHS = (
					"$(inherited)",
					"@executable_path/Frameworks",
					"@loader_path/Frameworks",
				);
				PRODUCT_BUNDLE_IDENTIFIER = com.samanthaburak.FlixUITests;
				PRODUCT_NAME = "$(TARGET_NAME)";
				TARGETED_DEVICE_FAMILY = "1,2";
				TEST_TARGET_NAME = Flix;
			};
			name = Release;
		};
/* End XCBuildConfiguration section */

/* Begin XCConfigurationList section */
		722333BD2683944C005C9EAD /* Build configuration list for PBXProject "Flix" */ = {
			isa = XCConfigurationList;
			buildConfigurations = (
				722333EF2683944E005C9EAD /* Debug */,
				722333F02683944E005C9EAD /* Release */,
			);
			defaultConfigurationIsVisible = 0;
			defaultConfigurationName = Release;
		};
		722333F12683944E005C9EAD /* Build configuration list for PBXNativeTarget "Flix" */ = {
			isa = XCConfigurationList;
			buildConfigurations = (
				722333F22683944E005C9EAD /* Debug */,
				722333F32683944E005C9EAD /* Release */,
			);
			defaultConfigurationIsVisible = 0;
			defaultConfigurationName = Release;
		};
		722333F42683944E005C9EAD /* Build configuration list for PBXNativeTarget "FlixTests" */ = {
			isa = XCConfigurationList;
			buildConfigurations = (
				722333F52683944E005C9EAD /* Debug */,
				722333F62683944E005C9EAD /* Release */,
			);
			defaultConfigurationIsVisible = 0;
			defaultConfigurationName = Release;
		};
		722333F72683944E005C9EAD /* Build configuration list for PBXNativeTarget "FlixUITests" */ = {
			isa = XCConfigurationList;
			buildConfigurations = (
				722333F82683944E005C9EAD /* Debug */,
				722333F92683944E005C9EAD /* Release */,
			);
			defaultConfigurationIsVisible = 0;
			defaultConfigurationName = Release;
		};
/* End XCConfigurationList section */
	};
	rootObject = 722333BA2683944C005C9EAD /* Project object */;
}
